{
  "pins" : [
    {
      "identity" : "transparency",
      "kind" : "remoteSourceControl",
      "location" : "https://github.com/wangyiwei2015/Transparency",
      "state" : {
        "branch" : "dev",
        "revision" : "bc98c835c1f26f31aa82638103a80b70016726a9"
      }
    }
  ],
  "version" : 2
}
