// !$*UTF8*$!
{
	archiveVersion = 1;
	classes = {
	};
	objectVersion = 55;
	objects = {

/* Begin PBXBuildFile section */
		4D15A4A9282E15980027F675 /* PixelCanvasWidget.swift in Sources */ = {isa = PBXBuildFile; fileRef = 4D15A4A8282E15980027F675 /* PixelCanvasWidget.swift */; };
		4D15A4AB282E292D0027F675 /* CanvasCtrlWidget.swift in Sources */ = {isa = PBXBuildFile; fileRef = 4D15A4AA282E292D0027F675 /* CanvasCtrlWidget.swift */; };
		4D15A4AF282E42240027F675 /* ImagePicker.swift in Sources */ = {isa = PBXBuildFile; fileRef = 4D15A4AE282E42240027F675 /* ImagePicker.swift */; };
		4D15A4B1282E42390027F675 /* ContentView+Crop.swift in Sources */ = {isa = PBXBuildFile; fileRef = 4D15A4B0282E42390027F675 /* ContentView+Crop.swift */; };
		4D3A9B5A282D534600F0483A /* RandgenWidget.swift in Sources */ = {isa = PBXBuildFile; fileRef = 4D3A9B59282D534600F0483A /* RandgenWidget.swift */; };
		4D4D1F41282CEE2800093C42 /* WidgetsMian.swift in Sources */ = {isa = PBXBuildFile; fileRef = 4D4D1F40282CEE2800093C42 /* WidgetsMian.swift */; };
		4D79C245282CDA6F0098F230 /* widgetoolsApp.swift in Sources */ = {isa = PBXBuildFile; fileRef = 4D79C244282CDA6F0098F230 /* widgetoolsApp.swift */; };
		4D79C247282CDA6F0098F230 /* ContentView.swift in Sources */ = {isa = PBXBuildFile; fileRef = 4D79C246282CDA6F0098F230 /* ContentView.swift */; };
		4D79C249282CDA700098F230 /* Assets.xcassets in Resources */ = {isa = PBXBuildFile; fileRef = 4D79C248282CDA700098F230 /* Assets.xcassets */; };
		4D79C24C282CDA700098F230 /* Preview Assets.xcassets in Resources */ = {isa = PBXBuildFile; fileRef = 4D79C24B282CDA700098F230 /* Preview Assets.xcassets */; };
		4D79C259282CDAFF0098F230 /* WidgetKit.framework in Frameworks */ = {isa = PBXBuildFile; fileRef = 4D79C258282CDAFF0098F230 /* WidgetKit.framework */; };
		4D79C25B282CDAFF0098F230 /* SwiftUI.framework in Frameworks */ = {isa = PBXBuildFile; fileRef = 4D79C25A282CDAFF0098F230 /* SwiftUI.framework */; };
		4D79C25E282CDAFF0098F230 /* CounterWidget.swift in Sources */ = {isa = PBXBuildFile; fileRef = 4D79C25D282CDAFF0098F230 /* CounterWidget.swift */; };
		4D79C261282CDB000098F230 /* Assets.xcassets in Resources */ = {isa = PBXBuildFile; fileRef = 4D79C260282CDB000098F230 /* Assets.xcassets */; };
		4D79C263282CDB000098F230 /* WidgetConfig.intentdefinition in Sources */ = {isa = PBXBuildFile; fileRef = 4D79C25F282CDAFF0098F230 /* WidgetConfig.intentdefinition */; };
		4D79C264282CDB000098F230 /* WidgetConfig.intentdefinition in Sources */ = {isa = PBXBuildFile; fileRef = 4D79C25F282CDAFF0098F230 /* WidgetConfig.intentdefinition */; };
		4D79C267282CDB000098F230 /* wdgtsExtension.appex in Embed App Extensions */ = {isa = PBXBuildFile; fileRef = 4D79C256282CDAFF0098F230 /* wdgtsExtension.appex */; settings = {ATTRIBUTES = (RemoveHeadersOnCopy, ); }; };
		4D79C272282CDE8E0098F230 /* Utils.swift in Sources */ = {isa = PBXBuildFile; fileRef = 4D79C271282CDE8E0098F230 /* Utils.swift */; };
		4D79C273282CDE8E0098F230 /* Utils.swift in Sources */ = {isa = PBXBuildFile; fileRef = 4D79C271282CDE8E0098F230 /* Utils.swift */; };
		B32EEED22ABC649900212F82 /* Transparency in Frameworks */ = {isa = PBXBuildFile; productRef = B32EEED12ABC649900212F82 /* Transparency */; };
		B32EEED42ABC663500212F82 /* ButtonIntents.swift in Sources */ = {isa = PBXBuildFile; fileRef = B32EEED32ABC663500212F82 /* ButtonIntents.swift */; };
		B360B5952AD44AC2001B0D7E /* Localizable.xcstrings in Resources */ = {isa = PBXBuildFile; fileRef = B360B5942AD44AC2001B0D7E /* Localizable.xcstrings */; };
		B360B5962AD44AC2001B0D7E /* Localizable.xcstrings in Resources */ = {isa = PBXBuildFile; fileRef = B360B5942AD44AC2001B0D7E /* Localizable.xcstrings */; };
		B3F258452AD65D3400B6D937 /* Styles.swift in Sources */ = {isa = PBXBuildFile; fileRef = B3F258442AD65D3400B6D937 /* Styles.swift */; };
/* End PBXBuildFile section */

/* Begin PBXContainerItemProxy section */
		4D79C265282CDB000098F230 /* PBXContainerItemProxy */ = {
			isa = PBXContainerItemProxy;
			containerPortal = 4D79C239282CDA6F0098F230 /* Project object */;
			proxyType = 1;
			remoteGlobalIDString = 4D79C255282CDAFF0098F230;
			remoteInfo = wdgtsExtension;
		};
/* End PBXContainerItemProxy section */

/* Begin PBXCopyFilesBuildPhase section */
		4D79C26B282CDB000098F230 /* Embed App Extensions */ = {
			isa = PBXCopyFilesBuildPhase;
			buildActionMask = 2147483647;
			dstPath = "";
			dstSubfolderSpec = 13;
			files = (
				4D79C267282CDB000098F230 /* wdgtsExtension.appex in Embed App Extensions */,
			);
			name = "Embed App Extensions";
			runOnlyForDeploymentPostprocessing = 0;
		};
/* End PBXCopyFilesBuildPhase section */

/* Begin PBXFileReference section */
		4D15A4A8282E15980027F675 /* PixelCanvasWidget.swift */ = {isa = PBXFileReference; lastKnownFileType = sourcecode.swift; path = PixelCanvasWidget.swift; sourceTree = "<group>"; };
		4D15A4AA282E292D0027F675 /* CanvasCtrlWidget.swift */ = {isa = PBXFileReference; lastKnownFileType = sourcecode.swift; path = CanvasCtrlWidget.swift; sourceTree = "<group>"; };
		4D15A4AE282E42240027F675 /* ImagePicker.swift */ = {isa = PBXFileReference; lastKnownFileType = sourcecode.swift; path = ImagePicker.swift; sourceTree = "<group>"; };
		4D15A4B0282E42390027F675 /* ContentView+Crop.swift */ = {isa = PBXFileReference; lastKnownFileType = sourcecode.swift; path = "ContentView+Crop.swift"; sourceTree = "<group>"; };
		4D3A9B59282D534600F0483A /* RandgenWidget.swift */ = {isa = PBXFileReference; lastKnownFileType = sourcecode.swift; path = RandgenWidget.swift; sourceTree = "<group>"; };
		4D4D1F40282CEE2800093C42 /* WidgetsMian.swift */ = {isa = PBXFileReference; lastKnownFileType = sourcecode.swift; path = WidgetsMian.swift; sourceTree = "<group>"; };
		4D79C241282CDA6F0098F230 /* widgetools.app */ = {isa = PBXFileReference; explicitFileType = wrapper.application; includeInIndex = 0; path = widgetools.app; sourceTree = BUILT_PRODUCTS_DIR; };
		4D79C244282CDA6F0098F230 /* widgetoolsApp.swift */ = {isa = PBXFileReference; lastKnownFileType = sourcecode.swift; path = widgetoolsApp.swift; sourceTree = "<group>"; };
		4D79C246282CDA6F0098F230 /* ContentView.swift */ = {isa = PBXFileReference; lastKnownFileType = sourcecode.swift; path = ContentView.swift; sourceTree = "<group>"; };
		4D79C248282CDA700098F230 /* Assets.xcassets */ = {isa = PBXFileReference; lastKnownFileType = folder.assetcatalog; path = Assets.xcassets; sourceTree = "<group>"; };
		4D79C24B282CDA700098F230 /* Preview Assets.xcassets */ = {isa = PBXFileReference; lastKnownFileType = folder.assetcatalog; path = "Preview Assets.xcassets"; sourceTree = "<group>"; };
		4D79C256282CDAFF0098F230 /* wdgtsExtension.appex */ = {isa = PBXFileReference; explicitFileType = "wrapper.app-extension"; includeInIndex = 0; path = wdgtsExtension.appex; sourceTree = BUILT_PRODUCTS_DIR; };
		4D79C258282CDAFF0098F230 /* WidgetKit.framework */ = {isa = PBXFileReference; lastKnownFileType = wrapper.framework; name = WidgetKit.framework; path = System/Library/Frameworks/WidgetKit.framework; sourceTree = SDKROOT; };
		4D79C25A282CDAFF0098F230 /* SwiftUI.framework */ = {isa = PBXFileReference; lastKnownFileType = wrapper.framework; name = SwiftUI.framework; path = System/Library/Frameworks/SwiftUI.framework; sourceTree = SDKROOT; };
		4D79C25D282CDAFF0098F230 /* CounterWidget.swift */ = {isa = PBXFileReference; lastKnownFileType = sourcecode.swift; path = CounterWidget.swift; sourceTree = "<group>"; wrapsLines = 0; };
		4D79C25F282CDAFF0098F230 /* WidgetConfig.intentdefinition */ = {isa = PBXFileReference; lastKnownFileType = file.intentdefinition; path = WidgetConfig.intentdefinition; sourceTree = "<group>"; };
		4D79C260282CDB000098F230 /* Assets.xcassets */ = {isa = PBXFileReference; lastKnownFileType = folder.assetcatalog; path = Assets.xcassets; sourceTree = "<group>"; };
		4D79C262282CDB000098F230 /* Info.plist */ = {isa = PBXFileReference; lastKnownFileType = text.plist.xml; path = Info.plist; sourceTree = "<group>"; };
		4D79C26E282CDD990098F230 /* Info.plist */ = {isa = PBXFileReference; lastKnownFileType = text.plist; path = Info.plist; sourceTree = "<group>"; };
		4D79C26F282CDE080098F230 /* widgetools.entitlements */ = {isa = PBXFileReference; lastKnownFileType = text.plist.entitlements; path = widgetools.entitlements; sourceTree = "<group>"; };
		4D79C270282CDE270098F230 /* wdgtsExtension.entitlements */ = {isa = PBXFileReference; lastKnownFileType = text.plist.entitlements; path = wdgtsExtension.entitlements; sourceTree = "<group>"; };
		4D79C271282CDE8E0098F230 /* Utils.swift */ = {isa = PBXFileReference; lastKnownFileType = sourcecode.swift; path = Utils.swift; sourceTree = "<group>"; };
		B32EEED32ABC663500212F82 /* ButtonIntents.swift */ = {isa = PBXFileReference; lastKnownFileType = sourcecode.swift; path = ButtonIntents.swift; sourceTree = "<group>"; };
		B360B5942AD44AC2001B0D7E /* Localizable.xcstrings */ = {isa = PBXFileReference; lastKnownFileType = text.json.xcstrings; path = Localizable.xcstrings; sourceTree = "<group>"; };
		B3F258442AD65D3400B6D937 /* Styles.swift */ = {isa = PBXFileReference; lastKnownFileType = sourcecode.swift; path = Styles.swift; sourceTree = "<group>"; };
/* End PBXFileReference section */

/* Begin PBXFrameworksBuildPhase section */
		4D79C23E282CDA6F0098F230 /* Frameworks */ = {
			isa = PBXFrameworksBuildPhase;
			buildActionMask = 2147483647;
			files = (
				B32EEED22ABC649900212F82 /* Transparency in Frameworks */,
			);
			runOnlyForDeploymentPostprocessing = 0;
		};
		4D79C253282CDAFF0098F230 /* Frameworks */ = {
			isa = PBXFrameworksBuildPhase;
			buildActionMask = 2147483647;
			files = (
				4D79C25B282CDAFF0098F230 /* SwiftUI.framework in Frameworks */,
				4D79C259282CDAFF0098F230 /* WidgetKit.framework in Frameworks */,
			);
			runOnlyForDeploymentPostprocessing = 0;
		};
/* End PBXFrameworksBuildPhase section */

/* Begin PBXGroup section */
		4D79C238282CDA6F0098F230 = {
			isa = PBXGroup;
			children = (
				B360B5942AD44AC2001B0D7E /* Localizable.xcstrings */,
				4D79C270282CDE270098F230 /* wdgtsExtension.entitlements */,
				4D79C243282CDA6F0098F230 /* widgetools */,
				4D79C25C282CDAFF0098F230 /* wdgts */,
				4D79C271282CDE8E0098F230 /* Utils.swift */,
				4D79C257282CDAFF0098F230 /* Frameworks */,
				4D79C242282CDA6F0098F230 /* Products */,
			);
			sourceTree = "<group>";
		};
		4D79C242282CDA6F0098F230 /* Products */ = {
			isa = PBXGroup;
			children = (
				4D79C241282CDA6F0098F230 /* widgetools.app */,
				4D79C256282CDAFF0098F230 /* wdgtsExtension.appex */,
			);
			name = Products;
			sourceTree = "<group>";
		};
		4D79C243282CDA6F0098F230 /* widgetools */ = {
			isa = PBXGroup;
			children = (
				4D79C26F282CDE080098F230 /* widgetools.entitlements */,
				4D79C26E282CDD990098F230 /* Info.plist */,
				4D79C244282CDA6F0098F230 /* widgetoolsApp.swift */,
				4D79C246282CDA6F0098F230 /* ContentView.swift */,
				4D15A4B0282E42390027F675 /* ContentView+Crop.swift */,
				4D15A4AE282E42240027F675 /* ImagePicker.swift */,
				4D79C248282CDA700098F230 /* Assets.xcassets */,
				4D79C24A282CDA700098F230 /* Preview Content */,
			);
			path = widgetools;
			sourceTree = "<group>";
		};
		4D79C24A282CDA700098F230 /* Preview Content */ = {
			isa = PBXGroup;
			children = (
				4D79C24B282CDA700098F230 /* Preview Assets.xcassets */,
			);
			path = "Preview Content";
			sourceTree = "<group>";
		};
		4D79C257282CDAFF0098F230 /* Frameworks */ = {
			isa = PBXGroup;
			children = (
				4D79C258282CDAFF0098F230 /* WidgetKit.framework */,
				4D79C25A282CDAFF0098F230 /* SwiftUI.framework */,
			);
			name = Frameworks;
			sourceTree = "<group>";
		};
		4D79C25C282CDAFF0098F230 /* wdgts */ = {
			isa = PBXGroup;
			children = (
				4D79C260282CDB000098F230 /* Assets.xcassets */,
				4D79C262282CDB000098F230 /* Info.plist */,
				4D4D1F40282CEE2800093C42 /* WidgetsMian.swift */,
				4D79C25F282CDAFF0098F230 /* WidgetConfig.intentdefinition */,
				4D79C25D282CDAFF0098F230 /* CounterWidget.swift */,
				4D3A9B59282D534600F0483A /* RandgenWidget.swift */,
				4D15A4A8282E15980027F675 /* PixelCanvasWidget.swift */,
				4D15A4AA282E292D0027F675 /* CanvasCtrlWidget.swift */,
				B32EEED32ABC663500212F82 /* ButtonIntents.swift */,
				B3F258442AD65D3400B6D937 /* Styles.swift */,
			);
			path = wdgts;
			sourceTree = "<group>";
		};
/* End PBXGroup section */

/* Begin PBXNativeTarget section */
		4D79C240282CDA6F0098F230 /* widgetools */ = {
			isa = PBXNativeTarget;
			buildConfigurationList = 4D79C24F282CDA700098F230 /* Build configuration list for PBXNativeTarget "widgetools" */;
			buildPhases = (
				4D79C23D282CDA6F0098F230 /* Sources */,
				4D79C23E282CDA6F0098F230 /* Frameworks */,
				4D79C23F282CDA6F0098F230 /* Resources */,
				4D79C26B282CDB000098F230 /* Embed App Extensions */,
			);
			buildRules = (
			);
			dependencies = (
				4D79C266282CDB000098F230 /* PBXTargetDependency */,
			);
			name = widgetools;
			packageProductDependencies = (
				B32EEED12ABC649900212F82 /* Transparency */,
			);
			productName = widgetools;
			productReference = 4D79C241282CDA6F0098F230 /* widgetools.app */;
			productType = "com.apple.product-type.application";
		};
		4D79C255282CDAFF0098F230 /* wdgtsExtension */ = {
			isa = PBXNativeTarget;
			buildConfigurationList = 4D79C268282CDB000098F230 /* Build configuration list for PBXNativeTarget "wdgtsExtension" */;
			buildPhases = (
				4D79C252282CDAFF0098F230 /* Sources */,
				4D79C253282CDAFF0098F230 /* Frameworks */,
				4D79C254282CDAFF0098F230 /* Resources */,
			);
			buildRules = (
			);
			dependencies = (
			);
			name = wdgtsExtension;
			productName = wdgtsExtension;
			productReference = 4D79C256282CDAFF0098F230 /* wdgtsExtension.appex */;
			productType = "com.apple.product-type.app-extension";
		};
/* End PBXNativeTarget section */

/* Begin PBXProject section */
		4D79C239282CDA6F0098F230 /* Project object */ = {
			isa = PBXProject;
			attributes = {
				BuildIndependentTargetsInParallel = 1;
				LastSwiftUpdateCheck = 1330;
				LastUpgradeCheck = 1330;
				TargetAttributes = {
					4D79C240282CDA6F0098F230 = {
						CreatedOnToolsVersion = 13.3.1;
					};
					4D79C255282CDAFF0098F230 = {
						CreatedOnToolsVersion = 13.3.1;
					};
				};
			};
			buildConfigurationList = 4D79C23C282CDA6F0098F230 /* Build configuration list for PBXProject "widgetools" */;
			compatibilityVersion = "Xcode 13.0";
			developmentRegion = en;
			hasScannedForEncodings = 0;
			knownRegions = (
				en,
				Base,
				"zh-Hans",
			);
			mainGroup = 4D79C238282CDA6F0098F230;
			packageReferences = (
				B32EEED02ABC649900212F82 /* XCRemoteSwiftPackageReference "Transparency" */,
			);
			productRefGroup = 4D79C242282CDA6F0098F230 /* Products */;
			projectDirPath = "";
			projectRoot = "";
			targets = (
				4D79C240282CDA6F0098F230 /* widgetools */,
				4D79C255282CDAFF0098F230 /* wdgtsExtension */,
			);
		};
/* End PBXProject section */

/* Begin PBXResourcesBuildPhase section */
		4D79C23F282CDA6F0098F230 /* Resources */ = {
			isa = PBXResourcesBuildPhase;
			buildActionMask = 2147483647;
			files = (
				4D79C24C282CDA700098F230 /* Preview Assets.xcassets in Resources */,
				4D79C249282CDA700098F230 /* Assets.xcassets in Resources */,
				B360B5952AD44AC2001B0D7E /* Localizable.xcstrings in Resources */,
			);
			runOnlyForDeploymentPostprocessing = 0;
		};
		4D79C254282CDAFF0098F230 /* Resources */ = {
			isa = PBXResourcesBuildPhase;
			buildActionMask = 2147483647;
			files = (
				B360B5962AD44AC2001B0D7E /* Localizable.xcstrings in Resources */,
				4D79C261282CDB000098F230 /* Assets.xcassets in Resources */,
			);
			runOnlyForDeploymentPostprocessing = 0;
		};
/* End PBXResourcesBuildPhase section */

/* Begin PBXSourcesBuildPhase section */
		4D79C23D282CDA6F0098F230 /* Sources */ = {
			isa = PBXSourcesBuildPhase;
			buildActionMask = 2147483647;
			files = (
				4D79C247282CDA6F0098F230 /* ContentView.swift in Sources */,
				4D79C245282CDA6F0098F230 /* widgetoolsApp.swift in Sources */,
				4D79C264282CDB000098F230 /* WidgetConfig.intentdefinition in Sources */,
				4D15A4B1282E42390027F675 /* ContentView+Crop.swift in Sources */,
				4D15A4AF282E42240027F675 /* ImagePicker.swift in Sources */,
				4D79C272282CDE8E0098F230 /* Utils.swift in Sources */,
			);
			runOnlyForDeploymentPostprocessing = 0;
		};
		4D79C252282CDAFF0098F230 /* Sources */ = {
			isa = PBXSourcesBuildPhase;
			buildActionMask = 2147483647;
			files = (
				B3F258452AD65D3400B6D937 /* Styles.swift in Sources */,
				4D15A4A9282E15980027F675 /* PixelCanvasWidget.swift in Sources */,
				4D79C263282CDB000098F230 /* WidgetConfig.intentdefinition in Sources */,
				4D79C25E282CDAFF0098F230 /* CounterWidget.swift in Sources */,
				4D3A9B5A282D534600F0483A /* RandgenWidget.swift in Sources */,
				4D4D1F41282CEE2800093C42 /* WidgetsMian.swift in Sources */,
				4D15A4AB282E292D0027F675 /* CanvasCtrlWidget.swift in Sources */,
				4D79C273282CDE8E0098F230 /* Utils.swift in Sources */,
				B32EEED42ABC663500212F82 /* ButtonIntents.swift in Sources */,
			);
			runOnlyForDeploymentPostprocessing = 0;
		};
/* End PBXSourcesBuildPhase section */

/* Begin PBXTargetDependency section */
		4D79C266282CDB000098F230 /* PBXTargetDependency */ = {
			isa = PBXTargetDependency;
			target = 4D79C255282CDAFF0098F230 /* wdgtsExtension */;
			targetProxy = 4D79C265282CDB000098F230 /* PBXContainerItemProxy */;
		};
/* End PBXTargetDependency section */

/* Begin XCBuildConfiguration section */
		4D79C24D282CDA700098F230 /* Debug */ = {
			isa = XCBuildConfiguration;
			buildSettings = {
				ALWAYS_SEARCH_USER_PATHS = NO;
				CLANG_ANALYZER_NONNULL = YES;
				CLANG_ANALYZER_NUMBER_OBJECT_CONVERSION = YES_AGGRESSIVE;
				CLANG_CXX_LANGUAGE_STANDARD = "gnu++17";
				CLANG_ENABLE_MODULES = YES;
				CLANG_ENABLE_OBJC_ARC = YES;
				CLANG_ENABLE_OBJC_WEAK = YES;
				CLANG_WARN_BLOCK_CAPTURE_AUTORELEASING = YES;
				CLANG_WARN_BOOL_CONVERSION = YES;
				CLANG_WARN_COMMA = YES;
				CLANG_WARN_CONSTANT_CONVERSION = YES;
				CLANG_WARN_DEPRECATED_OBJC_IMPLEMENTATIONS = YES;
				CLANG_WARN_DIRECT_OBJC_ISA_USAGE = YES_ERROR;
				CLANG_WARN_DOCUMENTATION_COMMENTS = YES;
				CLANG_WARN_EMPTY_BODY = YES;
				CLANG_WARN_ENUM_CONVERSION = YES;
				CLANG_WARN_INFINITE_RECURSION = YES;
				CLANG_WARN_INT_CONVERSION = YES;
				CLANG_WARN_NON_LITERAL_NULL_CONVERSION = YES;
				CLANG_WARN_OBJC_IMPLICIT_RETAIN_SELF = YES;
				CLANG_WARN_OBJC_LITERAL_CONVERSION = YES;
				CLANG_WARN_OBJC_ROOT_CLASS = YES_ERROR;
				CLANG_WARN_QUOTED_INCLUDE_IN_FRAMEWORK_HEADER = YES;
				CLANG_WARN_RANGE_LOOP_ANALYSIS = YES;
				CLANG_WARN_STRICT_PROTOTYPES = YES;
				CLANG_WARN_SUSPICIOUS_MOVE = YES;
				CLANG_WARN_UNGUARDED_AVAILABILITY = YES_AGGRESSIVE;
				CLANG_WARN_UNREACHABLE_CODE = YES;
				CLANG_WARN__DUPLICATE_METHOD_MATCH = YES;
				COPY_PHASE_STRIP = NO;
				DEBUG_INFORMATION_FORMAT = dwarf;
				ENABLE_STRICT_OBJC_MSGSEND = YES;
				ENABLE_TESTABILITY = YES;
				GCC_C_LANGUAGE_STANDARD = gnu11;
				GCC_DYNAMIC_NO_PIC = NO;
				GCC_NO_COMMON_BLOCKS = YES;
				GCC_OPTIMIZATION_LEVEL = 0;
				GCC_PREPROCESSOR_DEFINITIONS = (
					"DEBUG=1",
					"$(inherited)",
				);
				GCC_WARN_64_TO_32_BIT_CONVERSION = YES;
				GCC_WARN_ABOUT_RETURN_TYPE = YES_ERROR;
				GCC_WARN_UNDECLARED_SELECTOR = YES;
				GCC_WARN_UNINITIALIZED_AUTOS = YES_AGGRESSIVE;
				GCC_WARN_UNUSED_FUNCTION = YES;
				GCC_WARN_UNUSED_VARIABLE = YES;
				IPHONEOS_DEPLOYMENT_TARGET = 17.0;
				MTL_ENABLE_DEBUG_INFO = INCLUDE_SOURCE;
				MTL_FAST_MATH = YES;
				ONLY_ACTIVE_ARCH = YES;
				SDKROOT = iphoneos;
				SWIFT_ACTIVE_COMPILATION_CONDITIONS = DEBUG;
				SWIFT_OPTIMIZATION_LEVEL = "-Onone";
			};
			name = Debug;
		};
		4D79C24E282CDA700098F230 /* Release */ = {
			isa = XCBuildConfiguration;
			buildSettings = {
				ALWAYS_SEARCH_USER_PATHS = NO;
				CLANG_ANALYZER_NONNULL = YES;
				CLANG_ANALYZER_NUMBER_OBJECT_CONVERSION = YES_AGGRESSIVE;
				CLANG_CXX_LANGUAGE_STANDARD = "gnu++17";
				CLANG_ENABLE_MODULES = YES;
				CLANG_ENABLE_OBJC_ARC = YES;
				CLANG_ENABLE_OBJC_WEAK = YES;
				CLANG_WARN_BLOCK_CAPTURE_AUTORELEASING = YES;
				CLANG_WARN_BOOL_CONVERSION = YES;
				CLANG_WARN_COMMA = YES;
				CLANG_WARN_CONSTANT_CONVERSION = YES;
				CLANG_WARN_DEPRECATED_OBJC_IMPLEMENTATIONS = YES;
				CLANG_WARN_DIRECT_OBJC_ISA_USAGE = YES_ERROR;
				CLANG_WARN_DOCUMENTATION_COMMENTS = YES;
				CLANG_WARN_EMPTY_BODY = YES;
				CLANG_WARN_ENUM_CONVERSION = YES;
				CLANG_WARN_INFINITE_RECURSION = YES;
				CLANG_WARN_INT_CONVERSION = YES;
				CLANG_WARN_NON_LITERAL_NULL_CONVERSION = YES;
				CLANG_WARN_OBJC_IMPLICIT_RETAIN_SELF = YES;
				CLANG_WARN_OBJC_LITERAL_CONVERSION = YES;
				CLANG_WARN_OBJC_ROOT_CLASS = YES_ERROR;
				CLANG_WARN_QUOTED_INCLUDE_IN_FRAMEWORK_HEADER = YES;
				CLANG_WARN_RANGE_LOOP_ANALYSIS = YES;
				CLANG_WARN_STRICT_PROTOTYPES = YES;
				CLANG_WARN_SUSPICIOUS_MOVE = YES;
				CLANG_WARN_UNGUARDED_AVAILABILITY = YES_AGGRESSIVE;
				CLANG_WARN_UNREACHABLE_CODE = YES;
				CLANG_WARN__DUPLICATE_METHOD_MATCH = YES;
				COPY_PHASE_STRIP = NO;
				DEBUG_INFORMATION_FORMAT = "dwarf-with-dsym";
				ENABLE_NS_ASSERTIONS = NO;
				ENABLE_STRICT_OBJC_MSGSEND = YES;
				GCC_C_LANGUAGE_STANDARD = gnu11;
				GCC_NO_COMMON_BLOCKS = YES;
				GCC_WARN_64_TO_32_BIT_CONVERSION = YES;
				GCC_WARN_ABOUT_RETURN_TYPE = YES_ERROR;
				GCC_WARN_UNDECLARED_SELECTOR = YES;
				GCC_WARN_UNINITIALIZED_AUTOS = YES_AGGRESSIVE;
				GCC_WARN_UNUSED_FUNCTION = YES;
				GCC_WARN_UNUSED_VARIABLE = YES;
				IPHONEOS_DEPLOYMENT_TARGET = 17.0;
				MTL_ENABLE_DEBUG_INFO = NO;
				MTL_FAST_MATH = YES;
				SDKROOT = iphoneos;
				SWIFT_COMPILATION_MODE = wholemodule;
				SWIFT_OPTIMIZATION_LEVEL = "-O";
				VALIDATE_PRODUCT = YES;
			};
			name = Release;
		};
		4D79C250282CDA700098F230 /* Debug */ = {
			isa = XCBuildConfiguration;
			buildSettings = {
				ALWAYS_EMBED_SWIFT_STANDARD_LIBRARIES = YES;
				ASSETCATALOG_COMPILER_APPICON_NAME = AppIcon;
				ASSETCATALOG_COMPILER_GLOBAL_ACCENT_COLOR_NAME = AccentColor;
				CODE_SIGN_ENTITLEMENTS = widgetools/widgetools.entitlements;
				CODE_SIGN_STYLE = Automatic;
				CURRENT_PROJECT_VERSION = 15;
				DEVELOPMENT_ASSET_PATHS = "\"widgetools/Preview Content\"";
				DEVELOPMENT_TEAM = JS2ME2LTBF;
				ENABLE_PREVIEWS = YES;
				GENERATE_INFOPLIST_FILE = YES;
				INFOPLIST_FILE = widgetools/Info.plist;
				INFOPLIST_KEY_CFBundleDisplayName = WidgeTools;
				INFOPLIST_KEY_LSApplicationCategoryType = "public.app-category.utilities";
				INFOPLIST_KEY_UIApplicationSupportsIndirectInputEvents = YES;
				INFOPLIST_KEY_UILaunchScreen_Generation = YES;
				INFOPLIST_KEY_UISupportedInterfaceOrientations = UIInterfaceOrientationPortrait;
				INFOPLIST_KEY_UISupportedInterfaceOrientations_iPad = "UIInterfaceOrientationPortrait UIInterfaceOrientationPortraitUpsideDown UIInterfaceOrientationLandscapeLeft UIInterfaceOrientationLandscapeRight";
				INFOPLIST_KEY_UISupportedInterfaceOrientations_iPhone = "UIInterfaceOrientationPortrait UIInterfaceOrientationLandscapeLeft UIInterfaceOrientationLandscapeRight";
				IPHONEOS_DEPLOYMENT_TARGET = 16.3;
				LD_RUNPATH_SEARCH_PATHS = (
					"$(inherited)",
					"@executable_path/Frameworks",
				);
				MARKETING_VERSION = 1.3.0;
				PRODUCT_BUNDLE_IDENTIFIER = com.wyw.widgetools;
				PRODUCT_NAME = "$(TARGET_NAME)";
				SUPPORTED_PLATFORMS = "iphoneos iphonesimulator";
				SUPPORTS_MACCATALYST = NO;
				SUPPORTS_MAC_DESIGNED_FOR_IPHONE_IPAD = NO;
				SWIFT_EMIT_LOC_STRINGS = YES;
				SWIFT_VERSION = 5.0;
				TARGETED_DEVICE_FAMILY = 1;
			};
			name = Debug;
		};
		4D79C251282CDA700098F230 /* Release */ = {
			isa = XCBuildConfiguration;
			buildSettings = {
				ALWAYS_EMBED_SWIFT_STANDARD_LIBRARIES = YES;
				ASSETCATALOG_COMPILER_APPICON_NAME = AppIcon;
				ASSETCATALOG_COMPILER_GLOBAL_ACCENT_COLOR_NAME = AccentColor;
				CODE_SIGN_ENTITLEMENTS = widgetools/widgetools.entitlements;
				CODE_SIGN_STYLE = Automatic;
				CURRENT_PROJECT_VERSION = 15;
				DEVELOPMENT_ASSET_PATHS = "\"widgetools/Preview Content\"";
				DEVELOPMENT_TEAM = JS2ME2LTBF;
				ENABLE_PREVIEWS = YES;
				GENERATE_INFOPLIST_FILE = YES;
				INFOPLIST_FILE = widgetools/Info.plist;
				INFOPLIST_KEY_CFBundleDisplayName = WidgeTools;
				INFOPLIST_KEY_LSApplicationCategoryType = "public.app-category.utilities";
				INFOPLIST_KEY_UIApplicationSupportsIndirectInputEvents = YES;
				INFOPLIST_KEY_UILaunchScreen_Generation = YES;
				INFOPLIST_KEY_UISupportedInterfaceOrientations = UIInterfaceOrientationPortrait;
				INFOPLIST_KEY_UISupportedInterfaceOrientations_iPad = "UIInterfaceOrientationPortrait UIInterfaceOrientationPortraitUpsideDown UIInterfaceOrientationLandscapeLeft UIInterfaceOrientationLandscapeRight";
				INFOPLIST_KEY_UISupportedInterfaceOrientations_iPhone = "UIInterfaceOrientationPortrait UIInterfaceOrientationLandscapeLeft UIInterfaceOrientationLandscapeRight";
				IPHONEOS_DEPLOYMENT_TARGET = 16.3;
				LD_RUNPATH_SEARCH_PATHS = (
					"$(inherited)",
					"@executable_path/Frameworks",
				);
				MARKETING_VERSION = 1.3.0;
				PRODUCT_BUNDLE_IDENTIFIER = com.wyw.widgetools;
				PRODUCT_NAME = "$(TARGET_NAME)";
				SUPPORTED_PLATFORMS = "iphoneos iphonesimulator";
				SUPPORTS_MACCATALYST = NO;
				SUPPORTS_MAC_DESIGNED_FOR_IPHONE_IPAD = NO;
				SWIFT_EMIT_LOC_STRINGS = YES;
				SWIFT_VERSION = 5.0;
				TARGETED_DEVICE_FAMILY = 1;
			};
			name = Release;
		};
		4D79C269282CDB000098F230 /* Debug */ = {
			isa = XCBuildConfiguration;
			buildSettings = {
				ASSETCATALOG_COMPILER_GLOBAL_ACCENT_COLOR_NAME = AccentColor;
				ASSETCATALOG_COMPILER_WIDGET_BACKGROUND_COLOR_NAME = WidgetBackground;
				CODE_SIGN_ENTITLEMENTS = wdgtsExtension.entitlements;
				CODE_SIGN_STYLE = Automatic;
				CURRENT_PROJECT_VERSION = 3;
				DEVELOPMENT_TEAM = JS2ME2LTBF;
				GENERATE_INFOPLIST_FILE = YES;
				INFOPLIST_FILE = wdgts/Info.plist;
				INFOPLIST_KEY_CFBundleDisplayName = WDGTLs;
				INFOPLIST_KEY_NSHumanReadableCopyright = "";
				IPHONEOS_DEPLOYMENT_TARGET = 16.3;
				LD_RUNPATH_SEARCH_PATHS = (
					"$(inherited)",
					"@executable_path/Frameworks",
					"@executable_path/../../Frameworks",
				);
				MARKETING_VERSION = 1.1.0;
				PRODUCT_BUNDLE_IDENTIFIER = com.wyw.widgetools.wdgts;
				PRODUCT_NAME = "$(TARGET_NAME)";
				SKIP_INSTALL = YES;
				SWIFT_EMIT_LOC_STRINGS = YES;
				SWIFT_VERSION = 5.0;
				TARGETED_DEVICE_FAMILY = "1,2";
			};
			name = Debug;
		};
		4D79C26A282CDB000098F230 /* Release */ = {
			isa = XCBuildConfiguration;
			buildSettings = {
				ASSETCATALOG_COMPILER_GLOBAL_ACCENT_COLOR_NAME = AccentColor;
				ASSETCATALOG_COMPILER_WIDGET_BACKGROUND_COLOR_NAME = WidgetBackground;
				CODE_SIGN_ENTITLEMENTS = wdgtsExtension.entitlements;
				CODE_SIGN_STYLE = Automatic;
				CURRENT_PROJECT_VERSION = 3;
				DEVELOPMENT_TEAM = JS2ME2LTBF;
				GENERATE_INFOPLIST_FILE = YES;
				INFOPLIST_FILE = wdgts/Info.plist;
				INFOPLIST_KEY_CFBundleDisplayName = WDGTLs;
				INFOPLIST_KEY_NSHumanReadableCopyright = "";
				IPHONEOS_DEPLOYMENT_TARGET = 16.3;
				LD_RUNPATH_SEARCH_PATHS = (
					"$(inherited)",
					"@executable_path/Frameworks",
					"@executable_path/../../Frameworks",
				);
				MARKETING_VERSION = 1.1.0;
				PRODUCT_BUNDLE_IDENTIFIER = com.wyw.widgetools.wdgts;
				PRODUCT_NAME = "$(TARGET_NAME)";
				SKIP_INSTALL = YES;
				SWIFT_EMIT_LOC_STRINGS = YES;
				SWIFT_VERSION = 5.0;
				TARGETED_DEVICE_FAMILY = "1,2";
			};
			name = Release;
		};
/* End XCBuildConfiguration section */

/* Begin XCConfigurationList section */
		4D79C23C282CDA6F0098F230 /* Build configuration list for PBXProject "widgetools" */ = {
			isa = XCConfigurationList;
			buildConfigurations = (
				4D79C24D282CDA700098F230 /* Debug */,
				4D79C24E282CDA700098F230 /* Release */,
			);
			defaultConfigurationIsVisible = 0;
			defaultConfigurationName = Release;
		};
		4D79C24F282CDA700098F230 /* Build configuration list for PBXNativeTarget "widgetools" */ = {
			isa = XCConfigurationList;
			buildConfigurations = (
				4D79C250282CDA700098F230 /* Debug */,
				4D79C251282CDA700098F230 /* Release */,
			);
			defaultConfigurationIsVisible = 0;
			defaultConfigurationName = Release;
		};
		4D79C268282CDB000098F230 /* Build configuration list for PBXNativeTarget "wdgtsExtension" */ = {
			isa = XCConfigurationList;
			buildConfigurations = (
				4D79C269282CDB000098F230 /* Debug */,
				4D79C26A282CDB000098F230 /* Release */,
			);
			defaultConfigurationIsVisible = 0;
			defaultConfigurationName = Release;
		};
/* End XCConfigurationList section */

/* Begin XCRemoteSwiftPackageReference section */
		B32EEED02ABC649900212F82 /* XCRemoteSwiftPackageReference "Transparency" */ = {
			isa = XCRemoteSwiftPackageReference;
			repositoryURL = "https://github.com/wangyiwei2015/Transparency";
			requirement = {
				branch = dev;
				kind = branch;
			};
		};
/* End XCRemoteSwiftPackageReference section */

/* Begin XCSwiftPackageProductDependency section */
		B32EEED12ABC649900212F82 /* Transparency */ = {
			isa = XCSwiftPackageProductDependency;
			package = B32EEED02ABC649900212F82 /* XCRemoteSwiftPackageReference "Transparency" */;
			productName = Transparency;
		};
/* End XCSwiftPackageProductDependency section */
	};
	rootObject = 4D79C239282CDA6F0098F230 /* Project object */;
}
